
Microsoft Visual Studio Solution File, Format Version 12.00
# Visual Studio 2015
Project("{FAE04EC0-301F-11D3-BF4B-00C04F79EFBC}") = "WaveGame17.Plugins", "WaveGame17.Plugins.csproj", "{1F311671-303B-09A1-7541-166F41A64392}"
EndProject
Project("{FAE04EC0-301F-11D3-BF4B-00C04F79EFBC}") = "WaveGame17", "WaveGame17.csproj", "{FBF60AE7-908A-1200-154E-F87C805CB0E8}"
EndProject
Project("{FAE04EC0-301F-11D3-BF4B-00C04F79EFBC}") = "WaveGame17.Editor.Plugins", "WaveGame17.Editor.Plugins.csproj", "{A2058469-F233-7113-7207-EA9B6B80CB70}"
EndProject
Global
	GlobalSection(SolutionConfigurationPlatforms) = preSolution
		Debug|Any CPU = Debug|Any CPU
		Release|Any CPU = Release|Any CPU
	EndGlobalSection
	GlobalSection(ProjectConfigurationPlatforms) = postSolution
		{1F311671-303B-09A1-7541-166F41A64392}.Debug|Any CPU.ActiveCfg = Debug|Any CPU
		{1F311671-303B-09A1-7541-166F41A64392}.Debug|Any CPU.Build.0 = Debug|Any CPU
		{1F311671-303B-09A1-7541-166F41A64392}.Release|Any CPU.ActiveCfg = Release|Any CPU
		{1F311671-303B-09A1-7541-166F41A64392}.Release|Any CPU.Build.0 = Release|Any CPU
		{FBF60AE7-908A-1200-154E-F87C805CB0E8}.Debug|Any CPU.ActiveCfg = Debug|Any CPU
		{FBF60AE7-908A-1200-154E-F87C805CB0E8}.Debug|Any CPU.Build.0 = Debug|Any CPU
		{FBF60AE7-908A-1200-154E-F87C805CB0E8}.Release|Any CPU.ActiveCfg = Release|Any CPU
		{FBF60AE7-908A-1200-154E-F87C805CB0E8}.Release|Any CPU.Build.0 = Release|Any CPU
		{A2058469-F233-7113-7207-EA9B6B80CB70}.Debug|Any CPU.ActiveCfg = Debug|Any CPU
		{A2058469-F233-7113-7207-EA9B6B80CB70}.Debug|Any CPU.Build.0 = Debug|Any CPU
		{A2058469-F233-7113-7207-EA9B6B80CB70}.Release|Any CPU.ActiveCfg = Release|Any CPU
		{A2058469-F233-7113-7207-EA9B6B80CB70}.Release|Any CPU.Build.0 = Release|Any CPU
	EndGlobalSection
	GlobalSection(SolutionProperties) = preSolution
		HideSolutionNode = FALSE
	EndGlobalSection
EndGlobal
